
Microsoft Visual Studio Solution File, Format Version 12.00
# Visual Studio Version 17
VisualStudioVersion = 17.6.33815.320
MinimumVisualStudioVersion = 10.0.40219.1
Project("{8BC9CEB8-8B4A-11D0-8D11-00A0C91BC942}") = "TTDProcessTracker", "TTDProcessTracker\TTDProcessTracker.vcxproj", "{5E635971-C096-42AA-AD47-141BC2E7EBA6}"
EndProject
Project("{8BC9CEB8-8B4A-11D0-8D11-00A0C91BC942}") = "Tracker", "Tracker\Tracker.vcxproj", "{36D144CF-4751-4D43-ABBC-75F9ADC6A0CF}"
EndProject
Global
	GlobalSection(SolutionConfigurationPlatforms) = preSolution
		Debug|ARM64 = Debug|ARM64
		Debug|x64 = Debug|x64
		Debug|x86 = Debug|x86
		Release|ARM64 = Release|ARM64
		Release|x64 = Release|x64
		Release|x86 = Release|x86
	EndGlobalSection
	GlobalSection(ProjectConfigurationPlatforms) = postSolution
		{5E635971-C096-42AA-AD47-141BC2E7EBA6}.Debug|ARM64.ActiveCfg = Debug|ARM64
		{5E635971-C096-42AA-AD47-141BC2E7EBA6}.Debug|ARM64.Build.0 = Debug|ARM64
		{5E635971-C096-42AA-AD47-141BC2E7EBA6}.Debug|ARM64.Deploy.0 = Debug|ARM64
		{5E635971-C096-42AA-AD47-141BC2E7EBA6}.Debug|x64.ActiveCfg = Debug|x64
		{5E635971-C096-42AA-AD47-141BC2E7EBA6}.Debug|x64.Build.0 = Debug|x64
		{5E635971-C096-42AA-AD47-141BC2E7EBA6}.Debug|x64.Deploy.0 = Debug|x64
		{5E635971-C096-42AA-AD47-141BC2E7EBA6}.Debug|x86.ActiveCfg = Debug|x64
		{5E635971-C096-42AA-AD47-141BC2E7EBA6}.Debug|x86.Build.0 = Debug|x64
		{5E635971-C096-42AA-AD47-141BC2E7EBA6}.Debug|x86.Deploy.0 = Debug|x64
		{5E635971-C096-42AA-AD47-141BC2E7EBA6}.Release|ARM64.ActiveCfg = Release|ARM64
		{5E635971-C096-42AA-AD47-141BC2E7EBA6}.Release|ARM64.Build.0 = Release|ARM64
		{5E635971-C096-42AA-AD47-141BC2E7EBA6}.Release|ARM64.Deploy.0 = Release|ARM64
		{5E635971-C096-42AA-AD47-141BC2E7EBA6}.Release|x64.ActiveCfg = Release|x64
		{5E635971-C096-42AA-AD47-141BC2E7EBA6}.Release|x64.Build.0 = Release|x64
		{5E635971-C096-42AA-AD47-141BC2E7EBA6}.Release|x64.Deploy.0 = Release|x64
		{5E635971-C096-42AA-AD47-141BC2E7EBA6}.Release|x86.ActiveCfg = Release|x64
		{5E635971-C096-42AA-AD47-141BC2E7EBA6}.Release|x86.Build.0 = Release|x64
		{5E635971-C096-42AA-AD47-141BC2E7EBA6}.Release|x86.Deploy.0 = Release|x64
		{36D144CF-4751-4D43-ABBC-75F9ADC6A0CF}.Debug|ARM64.ActiveCfg = Debug|x64
		{36D144CF-4751-4D43-ABBC-75F9ADC6A0CF}.Debug|ARM64.Build.0 = Debug|x64
		{36D144CF-4751-4D43-ABBC-75F9ADC6A0CF}.Debug|x64.ActiveCfg = Debug|x64
		{36D144CF-4751-4D43-ABBC-75F9ADC6A0CF}.Debug|x64.Build.0 = Debug|x64
		{36D144CF-4751-4D43-ABBC-75F9ADC6A0CF}.Debug|x86.ActiveCfg = Debug|Win32
		{36D144CF-4751-4D43-ABBC-75F9ADC6A0CF}.Debug|x86.Build.0 = Debug|Win32
		{36D144CF-4751-4D43-ABBC-75F9ADC6A0CF}.Release|ARM64.ActiveCfg = Release|x64
		{36D144CF-4751-4D43-ABBC-75F9ADC6A0CF}.Release|ARM64.Build.0 = Release|x64
		{36D144CF-4751-4D43-ABBC-75F9ADC6A0CF}.Release|x64.ActiveCfg = Release|x64
		{36D144CF-4751-4D43-ABBC-75F9ADC6A0CF}.Release|x64.Build.0 = Release|x64
		{36D144CF-4751-4D43-ABBC-75F9ADC6A0CF}.Release|x86.ActiveCfg = Release|Win32
		{36D144CF-4751-4D43-ABBC-75F9ADC6A0CF}.Release|x86.Build.0 = Release|Win32
	EndGlobalSection
	GlobalSection(SolutionProperties) = preSolution
		HideSolutionNode = FALSE
	EndGlobalSection
	GlobalSection(ExtensibilityGlobals) = postSolution
		SolutionGuid = {C0B736FC-97FD-45EF-BB9F-79B1C5A8FF5F}
	EndGlobalSection
EndGlobal
